
Microsoft Visual Studio Solution File, Format Version 12.00
# Visual Studio Version 16
VisualStudioVersion = 16.0.31205.134
MinimumVisualStudioVersion = 10.0.40219.1
Project("{FAE04EC0-301F-11D3-BF4B-00C04F79EFBC}") = "SU3_Act4", "SU3_Act4\SU3_Act4.csproj", "{F7F04627-6059-4260-9DAA-E95C5052FCC0}"
EndProject
Global
	GlobalSection(SolutionConfigurationPlatforms) = preSolution
		Debug|Any CPU = Debug|Any CPU
		Release|Any CPU = Release|Any CPU
	EndGlobalSection
	GlobalSection(ProjectConfigurationPlatforms) = postSolution
		{F7F04627-6059-4260-9DAA-E95C5052FCC0}.Debug|Any CPU.ActiveCfg = Debug|Any CPU
		{F7F04627-6059-4260-9DAA-E95C5052FCC0}.Debug|Any CPU.Build.0 = Debug|Any CPU
		{F7F04627-6059-4260-9DAA-E95C5052FCC0}.Release|Any CPU.ActiveCfg = Release|Any CPU
		{F7F04627-6059-4260-9DAA-E95C5052FCC0}.Release|Any CPU.Build.0 = Release|Any CPU
	EndGlobalSection
	GlobalSection(SolutionProperties) = preSolution
		HideSolutionNode = FALSE
	EndGlobalSection
	GlobalSection(ExtensibilityGlobals) = postSolution
		SolutionGuid = {8824C8D1-8773-42B1-9B94-C60EEF928C10}
	EndGlobalSection
EndGlobal
